
Microsoft Visual Studio Solution File, Format Version 12.00
# Visual Studio Version 16
VisualStudioVersion = 16.6.30114.105
MinimumVisualStudioVersion = 10.0.40219.1
Project("{FAE04EC0-301F-11D3-BF4B-00C04F79EFBC}") = "API", "API\API.csproj", "{B4A90451-6E24-4843-B8CA-B72DFE818F80}"
EndProject
Project("{FAE04EC0-301F-11D3-BF4B-00C04F79EFBC}") = "Application", "Application\Application.csproj", "{4F03CC6F-B3F8-43F5-82EC-B1A084522381}"
EndProject
Project("{FAE04EC0-301F-11D3-BF4B-00C04F79EFBC}") = "Domain", "Domain\Domain.csproj", "{36E75D3C-AAF9-4AEF-9330-A748E549DC49}"
EndProject
Project("{FAE04EC0-301F-11D3-BF4B-00C04F79EFBC}") = "Persistence", "Persistence\Persistence.csproj", "{14BA2F4D-92E7-470E-8D96-EC59409ACCA8}"
EndProject
Global
	GlobalSection(SolutionConfigurationPlatforms) = preSolution
		Debug|Any CPU = Debug|Any CPU
		Debug|x64 = Debug|x64
		Debug|x86 = Debug|x86
		Release|Any CPU = Release|Any CPU
		Release|x64 = Release|x64
		Release|x86 = Release|x86
	EndGlobalSection
	GlobalSection(SolutionProperties) = preSolution
		HideSolutionNode = FALSE
	EndGlobalSection
	GlobalSection(ProjectConfigurationPlatforms) = postSolution
		{B4A90451-6E24-4843-B8CA-B72DFE818F80}.Debug|Any CPU.ActiveCfg = Debug|Any CPU
		{B4A90451-6E24-4843-B8CA-B72DFE818F80}.Debug|Any CPU.Build.0 = Debug|Any CPU
		{B4A90451-6E24-4843-B8CA-B72DFE818F80}.Debug|x64.ActiveCfg = Debug|Any CPU
		{B4A90451-6E24-4843-B8CA-B72DFE818F80}.Debug|x64.Build.0 = Debug|Any CPU
		{B4A90451-6E24-4843-B8CA-B72DFE818F80}.Debug|x86.ActiveCfg = Debug|Any CPU
		{B4A90451-6E24-4843-B8CA-B72DFE818F80}.Debug|x86.Build.0 = Debug|Any CPU
		{B4A90451-6E24-4843-B8CA-B72DFE818F80}.Release|Any CPU.ActiveCfg = Release|Any CPU
		{B4A90451-6E24-4843-B8CA-B72DFE818F80}.Release|Any CPU.Build.0 = Release|Any CPU
		{B4A90451-6E24-4843-B8CA-B72DFE818F80}.Release|x64.ActiveCfg = Release|Any CPU
		{B4A90451-6E24-4843-B8CA-B72DFE818F80}.Release|x64.Build.0 = Release|Any CPU
		{B4A90451-6E24-4843-B8CA-B72DFE818F80}.Release|x86.ActiveCfg = Release|Any CPU
		{B4A90451-6E24-4843-B8CA-B72DFE818F80}.Release|x86.Build.0 = Release|Any CPU
		{4F03CC6F-B3F8-43F5-82EC-B1A084522381}.Debug|Any CPU.ActiveCfg = Debug|Any CPU
		{4F03CC6F-B3F8-43F5-82EC-B1A084522381}.Debug|Any CPU.Build.0 = Debug|Any CPU
		{4F03CC6F-B3F8-43F5-82EC-B1A084522381}.Debug|x64.ActiveCfg = Debug|Any CPU
		{4F03CC6F-B3F8-43F5-82EC-B1A084522381}.Debug|x64.Build.0 = Debug|Any CPU
		{4F03CC6F-B3F8-43F5-82EC-B1A084522381}.Debug|x86.ActiveCfg = Debug|Any CPU
		{4F03CC6F-B3F8-43F5-82EC-B1A084522381}.Debug|x86.Build.0 = Debug|Any CPU
		{4F03CC6F-B3F8-43F5-82EC-B1A084522381}.Release|Any CPU.ActiveCfg = Release|Any CPU
		{4F03CC6F-B3F8-43F5-82EC-B1A084522381}.Release|Any CPU.Build.0 = Release|Any CPU
		{4F03CC6F-B3F8-43F5-82EC-B1A084522381}.Release|x64.ActiveCfg = Release|Any CPU
		{4F03CC6F-B3F8-43F5-82EC-B1A084522381}.Release|x64.Build.0 = Release|Any CPU
		{4F03CC6F-B3F8-43F5-82EC-B1A084522381}.Release|x86.ActiveCfg = Release|Any CPU
		{4F03CC6F-B3F8-43F5-82EC-B1A084522381}.Release|x86.Build.0 = Release|Any CPU
		{36E75D3C-AAF9-4AEF-9330-A748E549DC49}.Debug|Any CPU.ActiveCfg = Debug|Any CPU
		{36E75D3C-AAF9-4AEF-9330-A748E549DC49}.Debug|Any CPU.Build.0 = Debug|Any CPU
		{36E75D3C-AAF9-4AEF-9330-A748E549DC49}.Debug|x64.ActiveCfg = Debug|Any CPU
		{36E75D3C-AAF9-4AEF-9330-A748E549DC49}.Debug|x64.Build.0 = Debug|Any CPU
		{36E75D3C-AAF9-4AEF-9330-A748E549DC49}.Debug|x86.ActiveCfg = Debug|Any CPU
		{36E75D3C-AAF9-4AEF-9330-A748E549DC49}.Debug|x86.Build.0 = Debug|Any CPU
		{36E75D3C-AAF9-4AEF-9330-A748E549DC49}.Release|Any CPU.ActiveCfg = Release|Any CPU
		{36E75D3C-AAF9-4AEF-9330-A748E549DC49}.Release|Any CPU.Build.0 = Release|Any CPU
		{36E75D3C-AAF9-4AEF-9330-A748E549DC49}.Release|x64.ActiveCfg = Release|Any CPU
		{36E75D3C-AAF9-4AEF-9330-A748E549DC49}.Release|x64.Build.0 = Release|Any CPU
		{36E75D3C-AAF9-4AEF-9330-A748E549DC49}.Release|x86.ActiveCfg = Release|Any CPU
		{36E75D3C-AAF9-4AEF-9330-A748E549DC49}.Release|x86.Build.0 = Release|Any CPU
		{14BA2F4D-92E7-470E-8D96-EC59409ACCA8}.Debug|Any CPU.ActiveCfg = Debug|Any CPU
		{14BA2F4D-92E7-470E-8D96-EC59409ACCA8}.Debug|Any CPU.Build.0 = Debug|Any CPU
		{14BA2F4D-92E7-470E-8D96-EC59409ACCA8}.Debug|x64.ActiveCfg = Debug|Any CPU
		{14BA2F4D-92E7-470E-8D96-EC59409ACCA8}.Debug|x64.Build.0 = Debug|Any CPU
		{14BA2F4D-92E7-470E-8D96-EC59409ACCA8}.Debug|x86.ActiveCfg = Debug|Any CPU
		{14BA2F4D-92E7-470E-8D96-EC59409ACCA8}.Debug|x86.Build.0 = Debug|Any CPU
		{14BA2F4D-92E7-470E-8D96-EC59409ACCA8}.Release|Any CPU.ActiveCfg = Release|Any CPU
		{14BA2F4D-92E7-470E-8D96-EC59409ACCA8}.Release|Any CPU.Build.0 = Release|Any CPU
		{14BA2F4D-92E7-470E-8D96-EC59409ACCA8}.Release|x64.ActiveCfg = Release|Any CPU
		{14BA2F4D-92E7-470E-8D96-EC59409ACCA8}.Release|x64.Build.0 = Release|Any CPU
		{14BA2F4D-92E7-470E-8D96-EC59409ACCA8}.Release|x86.ActiveCfg = Release|Any CPU
		{14BA2F4D-92E7-470E-8D96-EC59409ACCA8}.Release|x86.Build.0 = Release|Any CPU
	EndGlobalSection
EndGlobal
